
Microsoft Visual Studio Solution File, Format Version 12.00
# Visual Studio 15
VisualStudioVersion = 15.0.28307.489
MinimumVisualStudioVersion = 10.0.40219.1
Project("{2150E333-8FDC-42A3-9474-1A3956D46DE8}") = "src", "src", "{490BF6D0-931C-45B1-BAC2-1690B981DCB1}"
EndProject
Project("{2150E333-8FDC-42A3-9474-1A3956D46DE8}") = "test", "test", "{9260878F-1528-4E94-9877-FC286F6389A8}"
EndProject
Project("{2150E333-8FDC-42A3-9474-1A3956D46DE8}") = "Presentation", "Presentation", "{976C994C-F922-41CD-8789-BAA831E2D00D}"
EndProject
Project("{2150E333-8FDC-42A3-9474-1A3956D46DE8}") = "Domain", "Domain", "{050047AA-911F-491C-B230-8F30B759CF5B}"
EndProject
Project("{2150E333-8FDC-42A3-9474-1A3956D46DE8}") = "Infra", "Infra", "{CD40A9B6-EE01-4A46-8AEC-3F3C8820D76E}"
EndProject
Project("{2150E333-8FDC-42A3-9474-1A3956D46DE8}") = "Todo", "Todo", "{093AD18A-3050-4957-88E0-DB9D2022A059}"
EndProject
Project("{FAE04EC0-301F-11D3-BF4B-00C04F79EFBC}") = "Todo.Api", "..\src\Todo.Api\Todo.Api.csproj", "{7D6605DA-BAB5-4E76-A898-9F2911F3C63B}"
EndProject
Project("{FAE04EC0-301F-11D3-BF4B-00C04F79EFBC}") = "Todo.Commands", "src\Todo.Commands\Todo.Commands.csproj", "{A1980ABB-BF1D-4C56-832D-C8BCD95460DF}"
EndProject
Project("{FAE04EC0-301F-11D3-BF4B-00C04F79EFBC}") = "Todo.CommandHandlers", "src\Todo.CommandHandlers\Todo.CommandHandlers.csproj", "{830153DE-C57F-4A7E-BD08-B16599D34D85}"
EndProject
Project("{FAE04EC0-301F-11D3-BF4B-00C04F79EFBC}") = "Todo.Infra", "src\Todo.Infra\Todo.Infra.csproj", "{035FB9C7-2D44-4A2E-B308-0951557EEB01}"
EndProject
Project("{FAE04EC0-301F-11D3-BF4B-00C04F79EFBC}") = "Todo.Queries", "src\Todo.Queries\Todo.Queries.csproj", "{B7B836EF-E62F-4C30-A90B-305BF76920D5}"
EndProject
Project("{FAE04EC0-301F-11D3-BF4B-00C04F79EFBC}") = "Todo.Data", "src\Todo.Data\Todo.Data.csproj", "{2322E368-6AEE-48BC-A840-B944ED9EED53}"
EndProject
Project("{FAE04EC0-301F-11D3-BF4B-00C04F79EFBC}") = "Todo.QueryHandlers", "src\Todo.QueryHandlers\Todo.QueryHandlers.csproj", "{604559A6-9097-43E4-955B-C4DEA395A5C0}"
EndProject
Global
	GlobalSection(SolutionConfigurationPlatforms) = preSolution
		Debug|Any CPU = Debug|Any CPU
		Release|Any CPU = Release|Any CPU
	EndGlobalSection
	GlobalSection(ProjectConfigurationPlatforms) = postSolution
		{7D6605DA-BAB5-4E76-A898-9F2911F3C63B}.Debug|Any CPU.ActiveCfg = Debug|Any CPU
		{7D6605DA-BAB5-4E76-A898-9F2911F3C63B}.Debug|Any CPU.Build.0 = Debug|Any CPU
		{7D6605DA-BAB5-4E76-A898-9F2911F3C63B}.Release|Any CPU.ActiveCfg = Release|Any CPU
		{7D6605DA-BAB5-4E76-A898-9F2911F3C63B}.Release|Any CPU.Build.0 = Release|Any CPU
		{A1980ABB-BF1D-4C56-832D-C8BCD95460DF}.Debug|Any CPU.ActiveCfg = Debug|Any CPU
		{A1980ABB-BF1D-4C56-832D-C8BCD95460DF}.Debug|Any CPU.Build.0 = Debug|Any CPU
		{A1980ABB-BF1D-4C56-832D-C8BCD95460DF}.Release|Any CPU.ActiveCfg = Release|Any CPU
		{A1980ABB-BF1D-4C56-832D-C8BCD95460DF}.Release|Any CPU.Build.0 = Release|Any CPU
		{830153DE-C57F-4A7E-BD08-B16599D34D85}.Debug|Any CPU.ActiveCfg = Debug|Any CPU
		{830153DE-C57F-4A7E-BD08-B16599D34D85}.Debug|Any CPU.Build.0 = Debug|Any CPU
		{830153DE-C57F-4A7E-BD08-B16599D34D85}.Release|Any CPU.ActiveCfg = Release|Any CPU
		{830153DE-C57F-4A7E-BD08-B16599D34D85}.Release|Any CPU.Build.0 = Release|Any CPU
		{035FB9C7-2D44-4A2E-B308-0951557EEB01}.Debug|Any CPU.ActiveCfg = Debug|Any CPU
		{035FB9C7-2D44-4A2E-B308-0951557EEB01}.Debug|Any CPU.Build.0 = Debug|Any CPU
		{035FB9C7-2D44-4A2E-B308-0951557EEB01}.Release|Any CPU.ActiveCfg = Release|Any CPU
		{035FB9C7-2D44-4A2E-B308-0951557EEB01}.Release|Any CPU.Build.0 = Release|Any CPU
		{B7B836EF-E62F-4C30-A90B-305BF76920D5}.Debug|Any CPU.ActiveCfg = Debug|Any CPU
		{B7B836EF-E62F-4C30-A90B-305BF76920D5}.Debug|Any CPU.Build.0 = Debug|Any CPU
		{B7B836EF-E62F-4C30-A90B-305BF76920D5}.Release|Any CPU.ActiveCfg = Release|Any CPU
		{B7B836EF-E62F-4C30-A90B-305BF76920D5}.Release|Any CPU.Build.0 = Release|Any CPU
		{2322E368-6AEE-48BC-A840-B944ED9EED53}.Debug|Any CPU.ActiveCfg = Debug|Any CPU
		{2322E368-6AEE-48BC-A840-B944ED9EED53}.Debug|Any CPU.Build.0 = Debug|Any CPU
		{2322E368-6AEE-48BC-A840-B944ED9EED53}.Release|Any CPU.ActiveCfg = Release|Any CPU
		{2322E368-6AEE-48BC-A840-B944ED9EED53}.Release|Any CPU.Build.0 = Release|Any CPU
		{604559A6-9097-43E4-955B-C4DEA395A5C0}.Debug|Any CPU.ActiveCfg = Debug|Any CPU
		{604559A6-9097-43E4-955B-C4DEA395A5C0}.Debug|Any CPU.Build.0 = Debug|Any CPU
		{604559A6-9097-43E4-955B-C4DEA395A5C0}.Release|Any CPU.ActiveCfg = Release|Any CPU
		{604559A6-9097-43E4-955B-C4DEA395A5C0}.Release|Any CPU.Build.0 = Release|Any CPU
	EndGlobalSection
	GlobalSection(SolutionProperties) = preSolution
		HideSolutionNode = FALSE
	EndGlobalSection
	GlobalSection(NestedProjects) = preSolution
		{976C994C-F922-41CD-8789-BAA831E2D00D} = {490BF6D0-931C-45B1-BAC2-1690B981DCB1}
		{050047AA-911F-491C-B230-8F30B759CF5B} = {490BF6D0-931C-45B1-BAC2-1690B981DCB1}
		{CD40A9B6-EE01-4A46-8AEC-3F3C8820D76E} = {490BF6D0-931C-45B1-BAC2-1690B981DCB1}
		{093AD18A-3050-4957-88E0-DB9D2022A059} = {050047AA-911F-491C-B230-8F30B759CF5B}
		{7D6605DA-BAB5-4E76-A898-9F2911F3C63B} = {976C994C-F922-41CD-8789-BAA831E2D00D}
		{A1980ABB-BF1D-4C56-832D-C8BCD95460DF} = {093AD18A-3050-4957-88E0-DB9D2022A059}
		{830153DE-C57F-4A7E-BD08-B16599D34D85} = {093AD18A-3050-4957-88E0-DB9D2022A059}
		{035FB9C7-2D44-4A2E-B308-0951557EEB01} = {CD40A9B6-EE01-4A46-8AEC-3F3C8820D76E}
		{B7B836EF-E62F-4C30-A90B-305BF76920D5} = {093AD18A-3050-4957-88E0-DB9D2022A059}
		{2322E368-6AEE-48BC-A840-B944ED9EED53} = {CD40A9B6-EE01-4A46-8AEC-3F3C8820D76E}
		{604559A6-9097-43E4-955B-C4DEA395A5C0} = {093AD18A-3050-4957-88E0-DB9D2022A059}
	EndGlobalSection
	GlobalSection(ExtensibilityGlobals) = postSolution
		SolutionGuid = {31B33CDF-5707-4542-91AA-C3878A7266F4}
	EndGlobalSection
EndGlobal
